
Microsoft Visual Studio Solution File, Format Version 12.00
# Visual Studio Version 17
VisualStudioVersion = 17.0.32112.339
MinimumVisualStudioVersion = 10.0.40219.1
Project("{9A19103F-16F7-4668-BE54-9A1E7A4F7556}") = "CarStore.Api", "CarStore\CarStore.Api.csproj", "{9BA1125E-BDBA-4E58-98EA-F550C4BE2869}"
EndProject
Project("{2150E333-8FDC-42A3-9474-1A3956D46DE8}") = "Cars", "Cars", "{AC728DC7-8DB4-4652-885E-49B7508EB446}"
EndProject
Project("{9A19103F-16F7-4668-BE54-9A1E7A4F7556}") = "Cars.Domain", "Cars.Domain\Cars.Domain.csproj", "{ECD5F55C-73CC-43BD-902C-08087B094BBC}"
EndProject
Project("{9A19103F-16F7-4668-BE54-9A1E7A4F7556}") = "Cars.Infrastructure", "Cars.Infrastructure\Cars.Infrastructure.csproj", "{96AAC043-9467-4186-84A6-7A6DA14D4C87}"
EndProject
Project("{9A19103F-16F7-4668-BE54-9A1E7A4F7556}") = "Cars.Application", "Cars.Application\Cars.Application.csproj", "{0A90D269-35B5-4570-938E-BCADC8D7A07F}"
EndProject
Project("{2150E333-8FDC-42A3-9474-1A3956D46DE8}") = "Shared", "Shared", "{499D5A7A-85B0-4AFE-A667-44A321D87D17}"
EndProject
Project("{FAE04EC0-301F-11D3-BF4B-00C04F79EFBC}") = "CarStore.Core", "CarStore.Core\CarStore.Core.csproj", "{4FC7163F-FC5D-4CD6-854A-9A607497CE5C}"
EndProject
Project("{2150E333-8FDC-42A3-9474-1A3956D46DE8}") = "Tests", "Tests", "{FDD92AEA-0EC7-4F0A-801E-852838CF1FE9}"
EndProject
Project("{FAE04EC0-301F-11D3-BF4B-00C04F79EFBC}") = "Cars.UnitTests.Controllers", "Cars.UnitTests.Controllers\Cars.UnitTests.Controllers.csproj", "{FC8F69A6-E8C3-4CE7-A965-0C09F2D092B8}"
EndProject
Global
	GlobalSection(SolutionConfigurationPlatforms) = preSolution
		Debug|Any CPU = Debug|Any CPU
		Release|Any CPU = Release|Any CPU
	EndGlobalSection
	GlobalSection(ProjectConfigurationPlatforms) = postSolution
		{9BA1125E-BDBA-4E58-98EA-F550C4BE2869}.Debug|Any CPU.ActiveCfg = Debug|Any CPU
		{9BA1125E-BDBA-4E58-98EA-F550C4BE2869}.Debug|Any CPU.Build.0 = Debug|Any CPU
		{9BA1125E-BDBA-4E58-98EA-F550C4BE2869}.Release|Any CPU.ActiveCfg = Release|Any CPU
		{9BA1125E-BDBA-4E58-98EA-F550C4BE2869}.Release|Any CPU.Build.0 = Release|Any CPU
		{ECD5F55C-73CC-43BD-902C-08087B094BBC}.Debug|Any CPU.ActiveCfg = Debug|Any CPU
		{ECD5F55C-73CC-43BD-902C-08087B094BBC}.Debug|Any CPU.Build.0 = Debug|Any CPU
		{ECD5F55C-73CC-43BD-902C-08087B094BBC}.Release|Any CPU.ActiveCfg = Release|Any CPU
		{ECD5F55C-73CC-43BD-902C-08087B094BBC}.Release|Any CPU.Build.0 = Release|Any CPU
		{96AAC043-9467-4186-84A6-7A6DA14D4C87}.Debug|Any CPU.ActiveCfg = Debug|Any CPU
		{96AAC043-9467-4186-84A6-7A6DA14D4C87}.Debug|Any CPU.Build.0 = Debug|Any CPU
		{96AAC043-9467-4186-84A6-7A6DA14D4C87}.Release|Any CPU.ActiveCfg = Release|Any CPU
		{96AAC043-9467-4186-84A6-7A6DA14D4C87}.Release|Any CPU.Build.0 = Release|Any CPU
		{0A90D269-35B5-4570-938E-BCADC8D7A07F}.Debug|Any CPU.ActiveCfg = Debug|Any CPU
		{0A90D269-35B5-4570-938E-BCADC8D7A07F}.Debug|Any CPU.Build.0 = Debug|Any CPU
		{0A90D269-35B5-4570-938E-BCADC8D7A07F}.Release|Any CPU.ActiveCfg = Release|Any CPU
		{0A90D269-35B5-4570-938E-BCADC8D7A07F}.Release|Any CPU.Build.0 = Release|Any CPU
		{4FC7163F-FC5D-4CD6-854A-9A607497CE5C}.Debug|Any CPU.ActiveCfg = Debug|Any CPU
		{4FC7163F-FC5D-4CD6-854A-9A607497CE5C}.Debug|Any CPU.Build.0 = Debug|Any CPU
		{4FC7163F-FC5D-4CD6-854A-9A607497CE5C}.Release|Any CPU.ActiveCfg = Release|Any CPU
		{4FC7163F-FC5D-4CD6-854A-9A607497CE5C}.Release|Any CPU.Build.0 = Release|Any CPU
		{FC8F69A6-E8C3-4CE7-A965-0C09F2D092B8}.Debug|Any CPU.ActiveCfg = Debug|Any CPU
		{FC8F69A6-E8C3-4CE7-A965-0C09F2D092B8}.Debug|Any CPU.Build.0 = Debug|Any CPU
		{FC8F69A6-E8C3-4CE7-A965-0C09F2D092B8}.Release|Any CPU.ActiveCfg = Release|Any CPU
		{FC8F69A6-E8C3-4CE7-A965-0C09F2D092B8}.Release|Any CPU.Build.0 = Release|Any CPU
	EndGlobalSection
	GlobalSection(SolutionProperties) = preSolution
		HideSolutionNode = FALSE
	EndGlobalSection
	GlobalSection(NestedProjects) = preSolution
		{ECD5F55C-73CC-43BD-902C-08087B094BBC} = {AC728DC7-8DB4-4652-885E-49B7508EB446}
		{96AAC043-9467-4186-84A6-7A6DA14D4C87} = {AC728DC7-8DB4-4652-885E-49B7508EB446}
		{0A90D269-35B5-4570-938E-BCADC8D7A07F} = {AC728DC7-8DB4-4652-885E-49B7508EB446}
		{4FC7163F-FC5D-4CD6-854A-9A607497CE5C} = {499D5A7A-85B0-4AFE-A667-44A321D87D17}
		{FDD92AEA-0EC7-4F0A-801E-852838CF1FE9} = {AC728DC7-8DB4-4652-885E-49B7508EB446}
		{FC8F69A6-E8C3-4CE7-A965-0C09F2D092B8} = {FDD92AEA-0EC7-4F0A-801E-852838CF1FE9}
	EndGlobalSection
	GlobalSection(ExtensibilityGlobals) = postSolution
		SolutionGuid = {48AE8B89-F6EE-4BE5-BD2B-831FF4D1184B}
	EndGlobalSection
EndGlobal
